// !$*UTF8*$!
{
	archiveVersion = 1;
	classes = {
	};
	objectVersion = 46;
	objects = {

/* Begin PBXBuildFile section */
		B3DE0EC11CF68F54002229BD /* main.m in Sources */ = {isa = PBXBuildFile; fileRef = B3DE0EC01CF68F54002229BD /* main.m */; };
		B3DE0EC41CF68F54002229BD /* AppDelegate.m in Sources */ = {isa = PBXBuildFile; fileRef = B3DE0EC31CF68F54002229BD /* AppDelegate.m */; };
		B3DE0EC71CF68F54002229BD /* ViewController.m in Sources */ = {isa = PBXBuildFile; fileRef = B3DE0EC61CF68F54002229BD /* ViewController.m */; };
		B3DE0ECA1CF68F54002229BD /* Main.storyboard in Resources */ = {isa = PBXBuildFile; fileRef = B3DE0EC81CF68F54002229BD /* Main.storyboard */; };
		B3DE0ECC1CF68F54002229BD /* Assets.xcassets in Resources */ = {isa = PBXBuildFile; fileRef = B3DE0ECB1CF68F54002229BD /* Assets.xcassets */; };
		B3DE0ECF1CF68F54002229BD /* LaunchScreen.storyboard in Resources */ = {isa = PBXBuildFile; fileRef = B3DE0ECD1CF68F54002229BD /* LaunchScreen.storyboard */; };
		B3DE0EDA1CF68F54002229BD /* SimpleTableTests.m in Sources */ = {isa = PBXBuildFile; fileRef = B3DE0ED91CF68F54002229BD /* SimpleTableTests.m */; };
		B3DE0EE51CF68F54002229BD /* SimpleTableUITests.m in Sources */ = {isa = PBXBuildFile; fileRef = B3DE0EE41CF68F54002229BD /* SimpleTableUITests.m */; };
/* End PBXBuildFile section */

/* Begin PBXContainerItemProxy section */
		B3DE0ED61CF68F54002229BD /* PBXContainerItemProxy */ = {
			isa = PBXContainerItemProxy;
			containerPortal = B3DE0EB41CF68F54002229BD /* Project object */;
			proxyType = 1;
			remoteGlobalIDString = B3DE0EBB1CF68F54002229BD;
			remoteInfo = SimpleTable;
		};
		B3DE0EE11CF68F54002229BD /* PBXContainerItemProxy */ = {
			isa = PBXContainerItemProxy;
			containerPortal = B3DE0EB41CF68F54002229BD /* Project object */;
			proxyType = 1;
			remoteGlobalIDString = B3DE0EBB1CF68F54002229BD;
			remoteInfo = SimpleTable;
		};
/* End PBXContainerItemProxy section */

/* Begin PBXFileReference section */
		B3DE0EBC1CF68F54002229BD /* SimpleTable.app */ = {isa = PBXFileReference; explicitFileType = wrapper.application; includeInIndex = 0; path = SimpleTable.app; sourceTree = BUILT_PRODUCTS_DIR; };
		B3DE0EC01CF68F54002229BD /* main.m */ = {isa = PBXFileReference; lastKnownFileType = sourcecode.c.objc; path = main.m; sourceTree = "<group>"; };
		B3DE0EC21CF68F54002229BD /* AppDelegate.h */ = {isa = PBXFileReference; lastKnownFileType = sourcecode.c.h; path = AppDelegate.h; sourceTree = "<group>"; };
		B3DE0EC31CF68F54002229BD /* AppDelegate.m */ = {isa = PBXFileReference; lastKnownFileType = sourcecode.c.objc; path = AppDelegate.m; sourceTree = "<group>"; };
		B3DE0EC51CF68F54002229BD /* ViewController.h */ = {isa = PBXFileReference; lastKnownFileType = sourcecode.c.h; path = ViewController.h; sourceTree = "<group>"; };
		B3DE0EC61CF68F54002229BD /* ViewController.m */ = {isa = PBXFileReference; lastKnownFileType = sourcecode.c.objc; path = ViewController.m; sourceTree = "<group>"; };
		B3DE0EC91CF68F54002229BD /* Base */ = {isa = PBXFileReference; lastKnownFileType = file.storyboard; name = Base; path = Base.lproj/Main.storyboard; sourceTree = "<group>"; };
		B3DE0ECB1CF68F54002229BD /* Assets.xcassets */ = {isa = PBXFileReference; lastKnownFileType = folder.assetcatalog; path = Assets.xcassets; sourceTree = "<group>"; };
		B3DE0ECE1CF68F54002229BD /* Base */ = {isa = PBXFileReference; lastKnownFileType = file.storyboard; name = Base; path = Base.lproj/LaunchScreen.storyboard; sourceTree = "<group>"; };
		B3DE0ED01CF68F54002229BD /* Info.plist */ = {isa = PBXFileReference; lastKnownFileType = text.plist.xml; path = Info.plist; sourceTree = "<group>"; };
		B3DE0ED51CF68F54002229BD /* SimpleTableTests.xctest */ = {isa = PBXFileReference; explicitFileType = wrapper.cfbundle; includeInIndex = 0; path = SimpleTableTests.xctest; sourceTree = BUILT_PRODUCTS_DIR; };
		B3DE0ED91CF68F54002229BD /* SimpleTableTests.m */ = {isa = PBXFileReference; lastKnownFileType = sourcecode.c.objc; path = SimpleTableTests.m; sourceTree = "<group>"; };
		B3DE0EDB1CF68F54002229BD /* Info.plist */ = {isa = PBXFileReference; lastKnownFileType = text.plist.xml; path = Info.plist; sourceTree = "<group>"; };
		B3DE0EE01CF68F54002229BD /* SimpleTableUITests.xctest */ = {isa = PBXFileReference; explicitFileType = wrapper.cfbundle; includeInIndex = 0; path = SimpleTableUITests.xctest; sourceTree = BUILT_PRODUCTS_DIR; };
		B3DE0EE41CF68F54002229BD /* SimpleTableUITests.m */ = {isa = PBXFileReference; lastKnownFileType = sourcecode.c.objc; path = SimpleTableUITests.m; sourceTree = "<group>"; };
		B3DE0EE61CF68F54002229BD /* Info.plist */ = {isa = PBXFileReference; lastKnownFileType = text.plist.xml; path = Info.plist; sourceTree = "<group>"; };
/* End PBXFileReference section */

/* Begin PBXFrameworksBuildPhase section */
		B3DE0EB91CF68F54002229BD /* Frameworks */ = {
			isa = PBXFrameworksBuildPhase;
			buildActionMask = 2147483647;
			files = (
			);
			runOnlyForDeploymentPostprocessing = 0;
		};
		B3DE0ED21CF68F54002229BD /* Frameworks */ = {
			isa = PBXFrameworksBuildPhase;
			buildActionMask = 2147483647;
			files = (
			);
			runOnlyForDeploymentPostprocessing = 0;
		};
		B3DE0EDD1CF68F54002229BD /* Frameworks */ = {
			isa = PBXFrameworksBuildPhase;
			buildActionMask = 2147483647;
			files = (
			);
			runOnlyForDeploymentPostprocessing = 0;
		};
/* End PBXFrameworksBuildPhase section */

/* Begin PBXGroup section */
		B3DE0EB31CF68F54002229BD = {
			isa = PBXGroup;
			children = (
				B3DE0EBE1CF68F54002229BD /* SimpleTable */,
				B3DE0ED81CF68F54002229BD /* SimpleTableTests */,
				B3DE0EE31CF68F54002229BD /* SimpleTableUITests */,
				B3DE0EBD1CF68F54002229BD /* Products */,
			);
			sourceTree = "<group>";
		};
		B3DE0EBD1CF68F54002229BD /* Products */ = {
			isa = PBXGroup;
			children = (
				B3DE0EBC1CF68F54002229BD /* SimpleTable.app */,
				B3DE0ED51CF68F54002229BD /* SimpleTableTests.xctest */,
				B3DE0EE01CF68F54002229BD /* SimpleTableUITests.xctest */,
			);
			name = Products;
			sourceTree = "<group>";
		};
		B3DE0EBE1CF68F54002229BD /* SimpleTable */ = {
			isa = PBXGroup;
			children = (
				B3DE0EC21CF68F54002229BD /* AppDelegate.h */,
				B3DE0EC31CF68F54002229BD /* AppDelegate.m */,
				B3DE0EC51CF68F54002229BD /* ViewController.h */,
				B3DE0EC61CF68F54002229BD /* ViewController.m */,
				B3DE0EC81CF68F54002229BD /* Main.storyboard */,
				B3DE0ECB1CF68F54002229BD /* Assets.xcassets */,
				B3DE0ECD1CF68F54002229BD /* LaunchScreen.storyboard */,
				B3DE0ED01CF68F54002229BD /* Info.plist */,
				B3DE0EBF1CF68F54002229BD /* Supporting Files */,
			);
			path = SimpleTable;
			sourceTree = "<group>";
		};
		B3DE0EBF1CF68F54002229BD /* Supporting Files */ = {
			isa = PBXGroup;
			children = (
				B3DE0EC01CF68F54002229BD /* main.m */,
			);
			name = "Supporting Files";
			sourceTree = "<group>";
		};
		B3DE0ED81CF68F54002229BD /* SimpleTableTests */ = {
			isa = PBXGroup;
			children = (
				B3DE0ED91CF68F54002229BD /* SimpleTableTests.m */,
				B3DE0EDB1CF68F54002229BD /* Info.plist */,
			);
			path = SimpleTableTests;
			sourceTree = "<group>";
		};
		B3DE0EE31CF68F54002229BD /* SimpleTableUITests */ = {
			isa = PBXGroup;
			children = (
				B3DE0EE41CF68F54002229BD /* SimpleTableUITests.m */,
				B3DE0EE61CF68F54002229BD /* Info.plist */,
			);
			path = SimpleTableUITests;
			sourceTree = "<group>";
		};
/* End PBXGroup section */

/* Begin PBXNativeTarget section */
		B3DE0EBB1CF68F54002229BD /* SimpleTable */ = {
			isa = PBXNativeTarget;
			buildConfigurationList = B3DE0EE91CF68F54002229BD /* Build configuration list for PBXNativeTarget "SimpleTable" */;
			buildPhases = (
				B3DE0EB81CF68F54002229BD /* Sources */,
				B3DE0EB91CF68F54002229BD /* Frameworks */,
				B3DE0EBA1CF68F54002229BD /* Resources */,
			);
			buildRules = (
			);
			dependencies = (
			);
			name = SimpleTable;
			productName = SimpleTable;
			productReference = B3DE0EBC1CF68F54002229BD /* SimpleTable.app */;
			productType = "com.apple.product-type.application";
		};
		B3DE0ED41CF68F54002229BD /* SimpleTableTests */ = {
			isa = PBXNativeTarget;
			buildConfigurationList = B3DE0EEC1CF68F54002229BD /* Build configuration list for PBXNativeTarget "SimpleTableTests" */;
			buildPhases = (
				B3DE0ED11CF68F54002229BD /* Sources */,
				B3DE0ED21CF68F54002229BD /* Frameworks */,
				B3DE0ED31CF68F54002229BD /* Resources */,
			);
			buildRules = (
			);
			dependencies = (
				B3DE0ED71CF68F54002229BD /* PBXTargetDependency */,
			);
			name = SimpleTableTests;
			productName = SimpleTableTests;
			productReference = B3DE0ED51CF68F54002229BD /* SimpleTableTests.xctest */;
			productType = "com.apple.product-type.bundle.unit-test";
		};
		B3DE0EDF1CF68F54002229BD /* SimpleTableUITests */ = {
			isa = PBXNativeTarget;
			buildConfigurationList = B3DE0EEF1CF68F54002229BD /* Build configuration list for PBXNativeTarget "SimpleTableUITests" */;
			buildPhases = (
				B3DE0EDC1CF68F54002229BD /* Sources */,
				B3DE0EDD1CF68F54002229BD /* Frameworks */,
				B3DE0EDE1CF68F54002229BD /* Resources */,
			);
			buildRules = (
			);
			dependencies = (
				B3DE0EE21CF68F54002229BD /* PBXTargetDependency */,
			);
			name = SimpleTableUITests;
			productName = SimpleTableUITests;
			productReference = B3DE0EE01CF68F54002229BD /* SimpleTableUITests.xctest */;
			productType = "com.apple.product-type.bundle.ui-testing";
		};
/* End PBXNativeTarget section */

/* Begin PBXProject section */
		B3DE0EB41CF68F54002229BD /* Project object */ = {
			isa = PBXProject;
			attributes = {
				LastUpgradeCheck = 0730;
				ORGANIZATIONNAME = "Leo Peng";
				TargetAttributes = {
					B3DE0EBB1CF68F54002229BD = {
						CreatedOnToolsVersion = 7.3.1;
						DevelopmentTeam = DE6Z84BVT2;
					};
					B3DE0ED41CF68F54002229BD = {
						CreatedOnToolsVersion = 7.3.1;
						DevelopmentTeam = DE6Z84BVT2;
						TestTargetID = B3DE0EBB1CF68F54002229BD;
					};
					B3DE0EDF1CF68F54002229BD = {
						CreatedOnToolsVersion = 7.3.1;
						DevelopmentTeam = DE6Z84BVT2;
						TestTargetID = B3DE0EBB1CF68F54002229BD;
					};
				};
			};
			buildConfigurationList = B3DE0EB71CF68F54002229BD /* Build configuration list for PBXProject "SimpleTable" */;
			compatibilityVersion = "Xcode 3.2";
			developmentRegion = English;
			hasScannedForEncodings = 0;
			knownRegions = (
				en,
				Base,
			);
			mainGroup = B3DE0EB31CF68F54002229BD;
			productRefGroup = B3DE0EBD1CF68F54002229BD /* Products */;
			projectDirPath = "";
			projectRoot = "";
			targets = (
				B3DE0EBB1CF68F54002229BD /* SimpleTable */,
				B3DE0ED41CF68F54002229BD /* SimpleTableTests */,
				B3DE0EDF1CF68F54002229BD /* SimpleTableUITests */,
			);
		};
/* End PBXProject section */

/* Begin PBXResourcesBuildPhase section */
		B3DE0EBA1CF68F54002229BD /* Resources */ = {
			isa = PBXResourcesBuildPhase;
			buildActionMask = 2147483647;
			files = (
				B3DE0ECF1CF68F54002229BD /* LaunchScreen.storyboard in Resources */,
				B3DE0ECC1CF68F54002229BD /* Assets.xcassets in Resources */,
				B3DE0ECA1CF68F54002229BD /* Main.storyboard in Resources */,
			);
			runOnlyForDeploymentPostprocessing = 0;
		};
		B3DE0ED31CF68F54002229BD /* Resources */ = {
			isa = PBXResourcesBuildPhase;
			buildActionMask = 2147483647;
			files = (
			);
			runOnlyForDeploymentPostprocessing = 0;
		};
		B3DE0EDE1CF68F54002229BD /* Resources */ = {
			isa = PBXResourcesBuildPhase;
			buildActionMask = 2147483647;
			files = (
			);
			runOnlyForDeploymentPostprocessing = 0;
		};
/* End PBXResourcesBuildPhase section */

/* Begin PBXSourcesBuildPhase section */
		B3DE0EB81CF68F54002229BD /* Sources */ = {
			isa = PBXSourcesBuildPhase;
			buildActionMask = 2147483647;
			files = (
				B3DE0EC71CF68F54002229BD /* ViewController.m in Sources */,
				B3DE0EC41CF68F54002229BD /* AppDelegate.m in Sources */,
				B3DE0EC11CF68F54002229BD /* main.m in Sources */,
			);
			runOnlyForDeploymentPostprocessing = 0;
		};
		B3DE0ED11CF68F54002229BD /* Sources */ = {
			isa = PBXSourcesBuildPhase;
			buildActionMask = 2147483647;
			files = (
				B3DE0EDA1CF68F54002229BD /* SimpleTableTests.m in Sources */,
			);
			runOnlyForDeploymentPostprocessing = 0;
		};
		B3DE0EDC1CF68F54002229BD /* Sources */ = {
			isa = PBXSourcesBuildPhase;
			buildActionMask = 2147483647;
			files = (
				B3DE0EE51CF68F54002229BD /* SimpleTableUITests.m in Sources */,
			);
			runOnlyForDeploymentPostprocessing = 0;
		};
/* End PBXSourcesBuildPhase section */

/* Begin PBXTargetDependency section */
		B3DE0ED71CF68F54002229BD /* PBXTargetDependency */ = {
			isa = PBXTargetDependency;
			target = B3DE0EBB1CF68F54002229BD /* SimpleTable */;
			targetProxy = B3DE0ED61CF68F54002229BD /* PBXContainerItemProxy */;
		};
		B3DE0EE21CF68F54002229BD /* PBXTargetDependency */ = {
			isa = PBXTargetDependency;
			target = B3DE0EBB1CF68F54002229BD /* SimpleTable */;
			targetProxy = B3DE0EE11CF68F54002229BD /* PBXContainerItemProxy */;
		};
/* End PBXTargetDependency section */

/* Begin PBXVariantGroup section */
		B3DE0EC81CF68F54002229BD /* Main.storyboard */ = {
			isa = PBXVariantGroup;
			children = (
				B3DE0EC91CF68F54002229BD /* Base */,
			);
			name = Main.storyboard;
			sourceTree = "<group>";
		};
		B3DE0ECD1CF68F54002229BD /* LaunchScreen.storyboard */ = {
			isa = PBXVariantGroup;
			children = (
				B3DE0ECE1CF68F54002229BD /* Base */,
			);
			name = LaunchScreen.storyboard;
			sourceTree = "<group>";
		};
/* End PBXVariantGroup section */

/* Begin XCBuildConfiguration section */
		B3DE0EE71CF68F54002229BD /* Debug */ = {
			isa = XCBuildConfiguration;
			buildSettings = {
				ALWAYS_SEARCH_USER_PATHS = NO;
				CLANG_ANALYZER_NONNULL = YES;
				CLANG_CXX_LANGUAGE_STANDARD = "gnu++0x";
				CLANG_CXX_LIBRARY = "libc++";
				CLANG_ENABLE_MODULES = YES;
				CLANG_ENABLE_OBJC_ARC = YES;
				CLANG_WARN_BOOL_CONVERSION = YES;
				CLANG_WARN_CONSTANT_CONVERSION = YES;
				CLANG_WARN_DIRECT_OBJC_ISA_USAGE = YES_ERROR;
				CLANG_WARN_EMPTY_BODY = YES;
				CLANG_WARN_ENUM_CONVERSION = YES;
				CLANG_WARN_INT_CONVERSION = YES;
				CLANG_WARN_OBJC_ROOT_CLASS = YES_ERROR;
				CLANG_WARN_UNREACHABLE_CODE = YES;
				CLANG_WARN__DUPLICATE_METHOD_MATCH = YES;
				"CODE_SIGN_IDENTITY[sdk=iphoneos*]" = "iPhone Developer";
				COPY_PHASE_STRIP = NO;
				DEBUG_INFORMATION_FORMAT = dwarf;
				ENABLE_STRICT_OBJC_MSGSEND = YES;
				ENABLE_TESTABILITY = YES;
				GCC_C_LANGUAGE_STANDARD = gnu99;
				GCC_DYNAMIC_NO_PIC = NO;
				GCC_NO_COMMON_BLOCKS = YES;
				GCC_OPTIMIZATION_LEVEL = 0;
				GCC_PREPROCESSOR_DEFINITIONS = (
					"DEBUG=1",
					"$(inherited)",
				);
				GCC_WARN_64_TO_32_BIT_CONVERSION = YES;
				GCC_WARN_ABOUT_RETURN_TYPE = YES_ERROR;
				GCC_WARN_UNDECLARED_SELECTOR = YES;
				GCC_WARN_UNINITIALIZED_AUTOS = YES_AGGRESSIVE;
				GCC_WARN_UNUSED_FUNCTION = YES;
				GCC_WARN_UNUSED_VARIABLE = YES;
				IPHONEOS_DEPLOYMENT_TARGET = 9.3;
				MTL_ENABLE_DEBUG_INFO = YES;
				ONLY_ACTIVE_ARCH = YES;
				SDKROOT = iphoneos;
				TARGETED_DEVICE_FAMILY = "1,2";
			};
			name = Debug;
		};
		B3DE0EE81CF68F54002229BD /* Release */ = {
			isa = XCBuildConfiguration;
			buildSettings = {
				ALWAYS_SEARCH_USER_PATHS = NO;
				CLANG_ANALYZER_NONNULL = YES;
				CLANG_CXX_LANGUAGE_STANDARD = "gnu++0x";
				CLANG_CXX_LIBRARY = "libc++";
				CLANG_ENABLE_MODULES = YES;
				CLANG_ENABLE_OBJC_ARC = YES;
				CLANG_WARN_BOOL_CONVERSION = YES;
				CLANG_WARN_CONSTANT_CONVERSION = YES;
				CLANG_WARN_DIRECT_OBJC_ISA_USAGE = YES_ERROR;
				CLANG_WARN_EMPTY_BODY = YES;
				CLANG_WARN_ENUM_CONVERSION = YES;
				CLANG_WARN_INT_CONVERSION = YES;
				CLANG_WARN_OBJC_ROOT_CLASS = YES_ERROR;
				CLANG_WARN_UNREACHABLE_CODE = YES;
				CLANG_WARN__DUPLICATE_METHOD_MATCH = YES;
				"CODE_SIGN_IDENTITY[sdk=iphoneos*]" = "iPhone Developer";
				COPY_PHASE_STRIP = NO;
				DEBUG_INFORMATION_FORMAT = "dwarf-with-dsym";
				ENABLE_NS_ASSERTIONS = NO;
				ENABLE_STRICT_OBJC_MSGSEND = YES;
				GCC_C_LANGUAGE_STANDARD = gnu99;
				GCC_NO_COMMON_BLOCKS = YES;
				GCC_WARN_64_TO_32_BIT_CONVERSION = YES;
				GCC_WARN_ABOUT_RETURN_TYPE = YES_ERROR;
				GCC_WARN_UNDECLARED_SELECTOR = YES;
				GCC_WARN_UNINITIALIZED_AUTOS = YES_AGGRESSIVE;
				GCC_WARN_UNUSED_FUNCTION = YES;
				GCC_WARN_UNUSED_VARIABLE = YES;
				IPHONEOS_DEPLOYMENT_TARGET = 9.3;
				MTL_ENABLE_DEBUG_INFO = NO;
				SDKROOT = iphoneos;
				TARGETED_DEVICE_FAMILY = "1,2";
				VALIDATE_PRODUCT = YES;
			};
			name = Release;
		};
		B3DE0EEA1CF68F54002229BD /* Debug */ = {
			isa = XCBuildConfiguration;
			buildSettings = {
				ASSETCATALOG_COMPILER_APPICON_NAME = AppIcon;
				INFOPLIST_FILE = SimpleTable/Info.plist;
				LD_RUNPATH_SEARCH_PATHS = "$(inherited) @executable_path/Frameworks";
				PRODUCT_BUNDLE_IDENTIFIER = buaa.SimpleTable;
				PRODUCT_NAME = "$(TARGET_NAME)";
			};
			name = Debug;
		};
		B3DE0EEB1CF68F54002229BD /* Release */ = {
			isa = XCBuildConfiguration;
			buildSettings = {
				ASSETCATALOG_COMPILER_APPICON_NAME = AppIcon;
				INFOPLIST_FILE = SimpleTable/Info.plist;
				LD_RUNPATH_SEARCH_PATHS = "$(inherited) @executable_path/Frameworks";
				PRODUCT_BUNDLE_IDENTIFIER = buaa.SimpleTable;
				PRODUCT_NAME = "$(TARGET_NAME)";
			};
			name = Release;
		};
		B3DE0EED1CF68F54002229BD /* Debug */ = {
			isa = XCBuildConfiguration;
			buildSettings = {
				BUNDLE_LOADER = "$(TEST_HOST)";
				INFOPLIST_FILE = SimpleTableTests/Info.plist;
				LD_RUNPATH_SEARCH_PATHS = "$(inherited) @executable_path/Frameworks @loader_path/Frameworks";
				PRODUCT_BUNDLE_IDENTIFIER = buaa.SimpleTableTests;
				PRODUCT_NAME = "$(TARGET_NAME)";
				TEST_HOST = "$(BUILT_PRODUCTS_DIR)/SimpleTable.app/SimpleTable";
			};
			name = Debug;
		};
		B3DE0EEE1CF68F54002229BD /* Release */ = {
			isa = XCBuildConfiguration;
			buildSettings = {
				BUNDLE_LOADER = "$(TEST_HOST)";
				INFOPLIST_FILE = SimpleTableTests/Info.plist;
				LD_RUNPATH_SEARCH_PATHS = "$(inherited) @executable_path/Frameworks @loader_path/Frameworks";
				PRODUCT_BUNDLE_IDENTIFIER = buaa.SimpleTableTests;
				PRODUCT_NAME = "$(TARGET_NAME)";
				TEST_HOST = "$(BUILT_PRODUCTS_DIR)/SimpleTable.app/SimpleTable";
			};
			name = Release;
		};
		B3DE0EF01CF68F54002229BD /* Debug */ = {
			isa = XCBuildConfiguration;
			buildSettings = {
				INFOPLIST_FILE = SimpleTableUITests/Info.plist;
				LD_RUNPATH_SEARCH_PATHS = "$(inherited) @executable_path/Frameworks @loader_path/Frameworks";
				PRODUCT_BUNDLE_IDENTIFIER = buaa.SimpleTableUITests;
				PRODUCT_NAME = "$(TARGET_NAME)";
				TEST_TARGET_NAME = SimpleTable;
			};
			name = Debug;
		};
		B3DE0EF11CF68F54002229BD /* Release */ = {
			isa = XCBuildConfiguration;
			buildSettings = {
				INFOPLIST_FILE = SimpleTableUITests/Info.plist;
				LD_RUNPATH_SEARCH_PATHS = "$(inherited) @executable_path/Frameworks @loader_path/Frameworks";
				PRODUCT_BUNDLE_IDENTIFIER = buaa.SimpleTableUITests;
				PRODUCT_NAME = "$(TARGET_NAME)";
				TEST_TARGET_NAME = SimpleTable;
			};
			name = Release;
		};
/* End XCBuildConfiguration section */

/* Begin XCConfigurationList section */
		B3DE0EB71CF68F54002229BD /* Build configuration list for PBXProject "SimpleTable" */ = {
			isa = XCConfigurationList;
			buildConfigurations = (
				B3DE0EE71CF68F54002229BD /* Debug */,
				B3DE0EE81CF68F54002229BD /* Release */,
			);
			defaultConfigurationIsVisible = 0;
			defaultConfigurationName = Release;
		};
		B3DE0EE91CF68F54002229BD /* Build configuration list for PBXNativeTarget "SimpleTable" */ = {
			isa = XCConfigurationList;
			buildConfigurations = (
				B3DE0EEA1CF68F54002229BD /* Debug */,
				B3DE0EEB1CF68F54002229BD /* Release */,
			);
			defaultConfigurationIsVisible = 0;
		};
		B3DE0EEC1CF68F54002229BD /* Build configuration list for PBXNativeTarget "SimpleTableTests" */ = {
			isa = XCConfigurationList;
			buildConfigurations = (
				B3DE0EED1CF68F54002229BD /* Debug */,
				B3DE0EEE1CF68F54002229BD /* Release */,
			);
			defaultConfigurationIsVisible = 0;
		};
		B3DE0EEF1CF68F54002229BD /* Build configuration list for PBXNativeTarget "SimpleTableUITests" */ = {
			isa = XCConfigurationList;
			buildConfigurations = (
				B3DE0EF01CF68F54002229BD /* Debug */,
				B3DE0EF11CF68F54002229BD /* Release */,
			);
			defaultConfigurationIsVisible = 0;
		};
/* End XCConfigurationList section */
	};
	rootObject = B3DE0EB41CF68F54002229BD /* Project object */;
}
